{
  "name": "sonataoverlay",
  "version": "1.22",
  "lockfileVersion": 3,
  "requires": true,
  "packages": {
    "": {
      "name": "sonataoverlay",
      "version": "1.22",
      "license": "GPL-3.0",
      "dependencies": {
        "osu-api-v2-js": "^2.1.5"
      }
    },
    "node_modules/osu-api-v2-js": {
      "version": "2.1.5",
      "resolved": "https://registry.npmjs.org/osu-api-v2-js/-/osu-api-v2-js-2.1.5.tgz",
      "integrity": "sha512-TmrJpnkWFVHEEbFvIiy9rnpF7YtfMnjA4hqs8X+4O+v9czV/rQu+2smZ0MxH/Ij4HtqvD4wJjTEp9+TVg5KZ9Q==",
      "license": "Unlicense",
      "engines": {
        "node": ">=20.0.0"
      }
    }
  }
}
